
Microsoft Visual Studio Solution File, Format Version 12.00
Project("{FAE04EC0-301F-11D3-BF4B-00C04F79EFBC}") = "invoice", "invoice\invoice.csproj", "{04310348-9EC2-4FE2-A50C-51A730F61A9E}"
EndProject
Global
	GlobalSection(SolutionConfigurationPlatforms) = preSolution
		Debug|Any CPU = Debug|Any CPU
		Release|Any CPU = Release|Any CPU
	EndGlobalSection
	GlobalSection(ProjectConfigurationPlatforms) = postSolution
		{04310348-9EC2-4FE2-A50C-51A730F61A9E}.Debug|Any CPU.ActiveCfg = Debug|Any CPU
		{04310348-9EC2-4FE2-A50C-51A730F61A9E}.Debug|Any CPU.Build.0 = Debug|Any CPU
		{04310348-9EC2-4FE2-A50C-51A730F61A9E}.Release|Any CPU.ActiveCfg = Release|Any CPU
		{04310348-9EC2-4FE2-A50C-51A730F61A9E}.Release|Any CPU.Build.0 = Release|Any CPU
	EndGlobalSection
EndGlobal
